
Microsoft Visual Studio Solution File, Format Version 12.00
# Visual Studio Version 16
VisualStudioVersion = 16.0.30330.147
MinimumVisualStudioVersion = 10.0.40219.1
Project("{FAE04EC0-301F-11D3-BF4B-00C04F79EFBC}") = "Structs", "Structs\Structs.csproj", "{22EDEEE6-4140-4808-B32A-7872F0D49418}"
EndProject
Project("{FAE04EC0-301F-11D3-BF4B-00C04F79EFBC}") = "Structs_y_Enum", "Structs_y_Enum\Structs_y_Enum.csproj", "{C204F822-F78B-4F4C-9595-0B3C6DF33A7C}"
EndProject
Global
	GlobalSection(SolutionConfigurationPlatforms) = preSolution
		Debug|Any CPU = Debug|Any CPU
		Release|Any CPU = Release|Any CPU
	EndGlobalSection
	GlobalSection(ProjectConfigurationPlatforms) = postSolution
		{22EDEEE6-4140-4808-B32A-7872F0D49418}.Debug|Any CPU.ActiveCfg = Debug|Any CPU
		{22EDEEE6-4140-4808-B32A-7872F0D49418}.Debug|Any CPU.Build.0 = Debug|Any CPU
		{22EDEEE6-4140-4808-B32A-7872F0D49418}.Release|Any CPU.ActiveCfg = Release|Any CPU
		{22EDEEE6-4140-4808-B32A-7872F0D49418}.Release|Any CPU.Build.0 = Release|Any CPU
		{C204F822-F78B-4F4C-9595-0B3C6DF33A7C}.Debug|Any CPU.ActiveCfg = Debug|Any CPU
		{C204F822-F78B-4F4C-9595-0B3C6DF33A7C}.Debug|Any CPU.Build.0 = Debug|Any CPU
		{C204F822-F78B-4F4C-9595-0B3C6DF33A7C}.Release|Any CPU.ActiveCfg = Release|Any CPU
		{C204F822-F78B-4F4C-9595-0B3C6DF33A7C}.Release|Any CPU.Build.0 = Release|Any CPU
	EndGlobalSection
	GlobalSection(SolutionProperties) = preSolution
		HideSolutionNode = FALSE
	EndGlobalSection
	GlobalSection(ExtensibilityGlobals) = postSolution
		SolutionGuid = {5241492B-A7E2-4902-8D00-81F41B0AA1EE}
	EndGlobalSection
EndGlobal
