
Microsoft Visual Studio Solution File, Format Version 12.00
# Visual Studio Version 16
VisualStudioVersion = 16.0.30330.147
MinimumVisualStudioVersion = 10.0.40219.1
Project("{FAE04EC0-301F-11D3-BF4B-00C04F79EFBC}") = "Colecciones", "Colecciones\Colecciones.csproj", "{537CD154-D085-46BE-A2CD-D3E9B35220B2}"
EndProject
Project("{FAE04EC0-301F-11D3-BF4B-00C04F79EFBC}") = "Collections_LinkedList", "Collections_LinkedList\Collections_LinkedList.csproj", "{44AA5216-E0BF-4BF8-A8DF-062A4EA04B43}"
EndProject
Global
	GlobalSection(SolutionConfigurationPlatforms) = preSolution
		Debug|Any CPU = Debug|Any CPU
		Release|Any CPU = Release|Any CPU
	EndGlobalSection
	GlobalSection(ProjectConfigurationPlatforms) = postSolution
		{537CD154-D085-46BE-A2CD-D3E9B35220B2}.Debug|Any CPU.ActiveCfg = Debug|Any CPU
		{537CD154-D085-46BE-A2CD-D3E9B35220B2}.Debug|Any CPU.Build.0 = Debug|Any CPU
		{537CD154-D085-46BE-A2CD-D3E9B35220B2}.Release|Any CPU.ActiveCfg = Release|Any CPU
		{537CD154-D085-46BE-A2CD-D3E9B35220B2}.Release|Any CPU.Build.0 = Release|Any CPU
		{44AA5216-E0BF-4BF8-A8DF-062A4EA04B43}.Debug|Any CPU.ActiveCfg = Debug|Any CPU
		{44AA5216-E0BF-4BF8-A8DF-062A4EA04B43}.Debug|Any CPU.Build.0 = Debug|Any CPU
		{44AA5216-E0BF-4BF8-A8DF-062A4EA04B43}.Release|Any CPU.ActiveCfg = Release|Any CPU
		{44AA5216-E0BF-4BF8-A8DF-062A4EA04B43}.Release|Any CPU.Build.0 = Release|Any CPU
	EndGlobalSection
	GlobalSection(SolutionProperties) = preSolution
		HideSolutionNode = FALSE
	EndGlobalSection
	GlobalSection(ExtensibilityGlobals) = postSolution
		SolutionGuid = {0F778B71-8396-4FDB-BFE8-F79C82629AF2}
	EndGlobalSection
EndGlobal
