
Microsoft Visual Studio Solution File, Format Version 12.00
# Visual Studio Version 16
VisualStudioVersion = 16.0.30320.27
MinimumVisualStudioVersion = 10.0.40219.1
Project("{9A19103F-16F7-4668-BE54-9A1E7A4F7556}") = "POO", "POO\POO.csproj", "{A7B9FAB6-387A-4C50-B6E7-7E8D03E04E09}"
EndProject
Project("{9A19103F-16F7-4668-BE54-9A1E7A4F7556}") = "CONSTRUCTORES", "CONSTRUCTORES\CONSTRUCTORES.csproj", "{5982E17D-1187-4DD9-BDB0-FC5DBEC8E953}"
EndProject
Project("{9A19103F-16F7-4668-BE54-9A1E7A4F7556}") = "CONCEPTOS_PO", "CONCEPTOS_PO\CONCEPTOS_PO.csproj", "{026240F1-34B7-4E27-B54E-3F6B6CF60F94}"
EndProject
Project("{9A19103F-16F7-4668-BE54-9A1E7A4F7556}") = "Arrays", "..\Arrays\Arrays\Arrays.csproj", "{9B3CA95B-C849-498D-898A-28275A860880}"
EndProject
Project("{9A19103F-16F7-4668-BE54-9A1E7A4F7556}") = "Switch_case", "..\CONDICIONAL_IF\Switch_case\Switch_case.csproj", "{B06AAAFE-4F61-413A-8F8B-729E6D23CE32}"
EndProject
Project("{9A19103F-16F7-4668-BE54-9A1E7A4F7556}") = "ELSE_IF", "..\CONDICIONAL_IF\ELSE_IF\ELSE_IF.csproj", "{4EA9B940-C192-4426-9B5F-48DDF1E7CDBA}"
EndProject
Project("{9A19103F-16F7-4668-BE54-9A1E7A4F7556}") = "While", "..\CONDICIONAL_IF\While\While.csproj", "{C043FCD5-6C63-462B-856F-4BE7E5DEFB74}"
EndProject
Project("{9A19103F-16F7-4668-BE54-9A1E7A4F7556}") = "EXEPCIONES", "..\EXEPCIONES\EXEPCIONES\EXEPCIONES.csproj", "{737107BE-DFC8-415A-B370-3ADE214A04EF}"
EndProject
Project("{9A19103F-16F7-4668-BE54-9A1E7A4F7556}") = "INVOVANCO_EXEPCIONES", "..\CONDICIONAL_IF\INVOVANCO_EXEPCIONES\INVOVANCO_EXEPCIONES.csproj", "{EEF8990D-6D0F-4FA8-971D-420DB5BF1A1D}"
EndProject
Project("{9A19103F-16F7-4668-BE54-9A1E7A4F7556}") = "HERENCIAS", "HERENCIAS\HERENCIAS.csproj", "{234342EC-3B71-4BB7-941B-33E3E142C0E1}"
EndProject
Global
	GlobalSection(SolutionConfigurationPlatforms) = preSolution
		Debug|Any CPU = Debug|Any CPU
		Release|Any CPU = Release|Any CPU
	EndGlobalSection
	GlobalSection(ProjectConfigurationPlatforms) = postSolution
		{A7B9FAB6-387A-4C50-B6E7-7E8D03E04E09}.Debug|Any CPU.ActiveCfg = Debug|Any CPU
		{A7B9FAB6-387A-4C50-B6E7-7E8D03E04E09}.Debug|Any CPU.Build.0 = Debug|Any CPU
		{A7B9FAB6-387A-4C50-B6E7-7E8D03E04E09}.Release|Any CPU.ActiveCfg = Release|Any CPU
		{A7B9FAB6-387A-4C50-B6E7-7E8D03E04E09}.Release|Any CPU.Build.0 = Release|Any CPU
		{5982E17D-1187-4DD9-BDB0-FC5DBEC8E953}.Debug|Any CPU.ActiveCfg = Debug|Any CPU
		{5982E17D-1187-4DD9-BDB0-FC5DBEC8E953}.Debug|Any CPU.Build.0 = Debug|Any CPU
		{5982E17D-1187-4DD9-BDB0-FC5DBEC8E953}.Release|Any CPU.ActiveCfg = Release|Any CPU
		{5982E17D-1187-4DD9-BDB0-FC5DBEC8E953}.Release|Any CPU.Build.0 = Release|Any CPU
		{026240F1-34B7-4E27-B54E-3F6B6CF60F94}.Debug|Any CPU.ActiveCfg = Debug|Any CPU
		{026240F1-34B7-4E27-B54E-3F6B6CF60F94}.Debug|Any CPU.Build.0 = Debug|Any CPU
		{026240F1-34B7-4E27-B54E-3F6B6CF60F94}.Release|Any CPU.ActiveCfg = Release|Any CPU
		{026240F1-34B7-4E27-B54E-3F6B6CF60F94}.Release|Any CPU.Build.0 = Release|Any CPU
		{9B3CA95B-C849-498D-898A-28275A860880}.Debug|Any CPU.ActiveCfg = Debug|Any CPU
		{9B3CA95B-C849-498D-898A-28275A860880}.Debug|Any CPU.Build.0 = Debug|Any CPU
		{9B3CA95B-C849-498D-898A-28275A860880}.Release|Any CPU.ActiveCfg = Release|Any CPU
		{9B3CA95B-C849-498D-898A-28275A860880}.Release|Any CPU.Build.0 = Release|Any CPU
		{B06AAAFE-4F61-413A-8F8B-729E6D23CE32}.Debug|Any CPU.ActiveCfg = Debug|Any CPU
		{B06AAAFE-4F61-413A-8F8B-729E6D23CE32}.Debug|Any CPU.Build.0 = Debug|Any CPU
		{B06AAAFE-4F61-413A-8F8B-729E6D23CE32}.Release|Any CPU.ActiveCfg = Release|Any CPU
		{B06AAAFE-4F61-413A-8F8B-729E6D23CE32}.Release|Any CPU.Build.0 = Release|Any CPU
		{4EA9B940-C192-4426-9B5F-48DDF1E7CDBA}.Debug|Any CPU.ActiveCfg = Debug|Any CPU
		{4EA9B940-C192-4426-9B5F-48DDF1E7CDBA}.Debug|Any CPU.Build.0 = Debug|Any CPU
		{4EA9B940-C192-4426-9B5F-48DDF1E7CDBA}.Release|Any CPU.ActiveCfg = Release|Any CPU
		{4EA9B940-C192-4426-9B5F-48DDF1E7CDBA}.Release|Any CPU.Build.0 = Release|Any CPU
		{C043FCD5-6C63-462B-856F-4BE7E5DEFB74}.Debug|Any CPU.ActiveCfg = Debug|Any CPU
		{C043FCD5-6C63-462B-856F-4BE7E5DEFB74}.Debug|Any CPU.Build.0 = Debug|Any CPU
		{C043FCD5-6C63-462B-856F-4BE7E5DEFB74}.Release|Any CPU.ActiveCfg = Release|Any CPU
		{C043FCD5-6C63-462B-856F-4BE7E5DEFB74}.Release|Any CPU.Build.0 = Release|Any CPU
		{737107BE-DFC8-415A-B370-3ADE214A04EF}.Debug|Any CPU.ActiveCfg = Debug|Any CPU
		{737107BE-DFC8-415A-B370-3ADE214A04EF}.Debug|Any CPU.Build.0 = Debug|Any CPU
		{737107BE-DFC8-415A-B370-3ADE214A04EF}.Release|Any CPU.ActiveCfg = Release|Any CPU
		{737107BE-DFC8-415A-B370-3ADE214A04EF}.Release|Any CPU.Build.0 = Release|Any CPU
		{EEF8990D-6D0F-4FA8-971D-420DB5BF1A1D}.Debug|Any CPU.ActiveCfg = Debug|Any CPU
		{EEF8990D-6D0F-4FA8-971D-420DB5BF1A1D}.Debug|Any CPU.Build.0 = Debug|Any CPU
		{EEF8990D-6D0F-4FA8-971D-420DB5BF1A1D}.Release|Any CPU.ActiveCfg = Release|Any CPU
		{EEF8990D-6D0F-4FA8-971D-420DB5BF1A1D}.Release|Any CPU.Build.0 = Release|Any CPU
		{234342EC-3B71-4BB7-941B-33E3E142C0E1}.Debug|Any CPU.ActiveCfg = Debug|Any CPU
		{234342EC-3B71-4BB7-941B-33E3E142C0E1}.Debug|Any CPU.Build.0 = Debug|Any CPU
		{234342EC-3B71-4BB7-941B-33E3E142C0E1}.Release|Any CPU.ActiveCfg = Release|Any CPU
		{234342EC-3B71-4BB7-941B-33E3E142C0E1}.Release|Any CPU.Build.0 = Release|Any CPU
	EndGlobalSection
	GlobalSection(SolutionProperties) = preSolution
		HideSolutionNode = FALSE
	EndGlobalSection
	GlobalSection(ExtensibilityGlobals) = postSolution
		SolutionGuid = {63CAA891-8ED4-4A3B-B2A1-C8F7654898D9}
	EndGlobalSection
EndGlobal
