
Microsoft Visual Studio Solution File, Format Version 12.00
# Visual Studio Version 16
VisualStudioVersion = 16.0.30320.27
MinimumVisualStudioVersion = 10.0.40219.1
Project("{FAE04EC0-301F-11D3-BF4B-00C04F79EFBC}") = "ConsoleApp1", "ConsoleApp1\ConsoleApp1.csproj", "{9A04E72E-F39C-41C0-B766-AA42205BC552}"
EndProject
Global
	GlobalSection(SolutionConfigurationPlatforms) = preSolution
		Debug|Any CPU = Debug|Any CPU
		Release|Any CPU = Release|Any CPU
	EndGlobalSection
	GlobalSection(ProjectConfigurationPlatforms) = postSolution
		{9A04E72E-F39C-41C0-B766-AA42205BC552}.Debug|Any CPU.ActiveCfg = Debug|Any CPU
		{9A04E72E-F39C-41C0-B766-AA42205BC552}.Debug|Any CPU.Build.0 = Debug|Any CPU
		{9A04E72E-F39C-41C0-B766-AA42205BC552}.Release|Any CPU.ActiveCfg = Release|Any CPU
		{9A04E72E-F39C-41C0-B766-AA42205BC552}.Release|Any CPU.Build.0 = Release|Any CPU
	EndGlobalSection
	GlobalSection(SolutionProperties) = preSolution
		HideSolutionNode = FALSE
	EndGlobalSection
	GlobalSection(ExtensibilityGlobals) = postSolution
		SolutionGuid = {E170C47F-1163-412D-A5D8-2A3E3F48199B}
	EndGlobalSection
EndGlobal
